schema: '2.0'
stages:
  build-specs:
    cmd:
    - mkdir -p results/json
    - mkdir -p plots
    - python3 specs.py
    deps:
    - path: ../ModelicaByExample
      md5: 979c4a082c8bcca8d36acc9e1eb71a74.dir
      size: 7500979
      nfiles: 548
    - path: source/_sphinxext/xogeny/gen_utils.py
      md5: 9644ebbd7c1b6a6256190b04c9222090
      size: 9973
    - path: specs.py
      md5: 9f78f1352d3f4054457fddb076e248f6
      size: 32764
    outs:
    - path: plots
      md5: ec32866429b14d2b80666d09b2204eeb.dir
      size: 66534
      nfiles: 113
    - path: results/allres.mos
      md5: 79bd8833b8b331253c89a6f62eb0d2d7
      size: 53648
