schema: '2.0'
stages:
  build-specs:
    cmd:
    - mkdir -p results/json
    - mkdir -p plots
    - python3 specs.py
    deps:
    - path: ../ModelicaByExample
      md5: 979c4a082c8bcca8d36acc9e1eb71a74.dir
      size: 7500979
      nfiles: 548
    - path: source/_sphinxext/xogeny
      md5: 4224db1f7a7a8577d20fc7f4ee6b1339.dir
      size: 64227
      nfiles: 21
    - path: specs.py
      md5: e0963b44b51bd8202a666d3ef7b1d5bc
      size: 32762
    outs:
    - path: plots
      md5: ec32866429b14d2b80666d09b2204eeb.dir
      size: 66534
      nfiles: 113
    - path: results/allres.mos
      md5: 821ecd3434fa325fd990ad3b6c5ac314
      size: 36535
  build-results:
    cmd: make results_files exes.tar.gz tidy
    deps:
    - path: ../../ModelicaByExample
      md5: 979c4a082c8bcca8d36acc9e1eb71a74.dir
      size: 7500979
      nfiles: 548
    - path: allres.mos
      md5: 821ecd3434fa325fd990ad3b6c5ac314
      size: 36535
    outs:
    - path: exes.tar.gz
      md5: 3c64d656fddef804a809a9b02fa12654
      size: 3864491
