schema: '2.0'
stages:
  build-case-FO:
    cmd:
    - omc FO.mos
    - rm FO_*.c FO.c FO.o FO_*.h FO_*.o FO.libs FO.log FO.makefile FO_prof*
    deps:
    - path: ../../ModelicaByExample
      hash: md5
      md5: 340a78e4a5c0a1e167c67bf4a38107bc.dir
      size: 11786865
      nfiles: 629
    - path: ../build-arch
      hash: md5
      md5: 4f2cc97958831e0481a9a62304b6704a
      size: 8
    - path: FO.mos
      hash: md5
      md5: 1c6b189f2a621f8ce69ba737fff8698c
      size: 759
    outs:
    - path: FO
      hash: md5
      md5: f23537444de4a06366ac12a2bc8a1320
      size: 52968
      isexec: true
    - path: FO_info.json
      hash: md5
      md5: b187d465cc5226c3d4e5e8c537a864ab
      size: 1279
    - path: FO_init.xml
      hash: md5
      md5: 68d566a9eb76df9d3ae07a56327973c6
      size: 5219
    - path: FO_res.mat
      hash: md5
      md5: ed659807db402a8debd45407d38e21a0
      size: 16471
  build-case-FOI:
    cmd:
    - omc FOI.mos
    - rm FOI_*.c FOI.c FOI.o FOI_*.h FOI_*.o FOI.libs FOI.log FOI.makefile FOI_prof*
    deps:
    - path: ../../ModelicaByExample
      hash: md5
      md5: 340a78e4a5c0a1e167c67bf4a38107bc.dir
      size: 11786865
      nfiles: 629
    - path: ../build-arch
      hash: md5
      md5: 4f2cc97958831e0481a9a62304b6704a
      size: 8
    - path: FOI.mos
      hash: md5
      md5: ce213cad1d4538e3cd0a97971cc58203
      size: 767
    outs:
    - path: FOI
      hash: md5
      md5: 45bcd95e4895e4c47e8e21307065a8b3
      size: 53048
      isexec: true
    - path: FOI_info.json
      hash: md5
      md5: b5c122a6f6fc6fed97aa5ef10614c105
      size: 1470
    - path: FOI_init.xml
      hash: md5
      md5: d4dc21222f0d90cd741548b1e5dbfda9
      size: 5364
    - path: FOI_res.mat
      hash: md5
      md5: 258785ef694e7ce8a23a05d170634abc
      size: 16483
