schema: '2.0'
stages:
  build-case-FO:
    cmd:
    - omc FO.mos
    - rm FO_*.c FO.c FO.o FO_*.h FO_*.o FO.libs FO.log FO.makefile FO_prof*
    deps:
    - path: ../../ModelicaByExample
      hash: md5
      md5: 06545de35b64eb828e75090394cbe2f0.dir
      size: 11786865
      nfiles: 629
    - path: ../build-arch
      hash: md5
      md5: 4f2cc97958831e0481a9a62304b6704a
      size: 8
    - path: FO.mos
      hash: md5
      md5: 2b2f0bdf65bf03a84cd2a9211738d015
      size: 748
    outs:
    - path: FO
      hash: md5
      md5: 6a6aa4dea6f75d4516746a832b9146ad
      size: 52968
    - path: FO_info.json
      hash: md5
      md5: 96ac6de5230656fcc891e7b6cc1994b9
      size: 1246
    - path: FO_init.xml
      hash: md5
      md5: b1f6f3f5e660f996ca402ba5be04c4be
      size: 5197
    - path: FO_res.mat
      hash: md5
      md5: eb5bfd2b1bf77a7fef4ee3b136f3b794
      size: 16471
  build-case-FOI:
    cmd:
    - omc FOI.mos
    - rm FOI_*.c FOI.c FOI.o FOI_*.h FOI_*.o FOI.libs FOI.log FOI.makefile FOI_prof*
    deps:
    - path: ../../ModelicaByExample
      hash: md5
      md5: 06545de35b64eb828e75090394cbe2f0.dir
      size: 11786865
      nfiles: 629
    - path: ../build-arch
      hash: md5
      md5: 4f2cc97958831e0481a9a62304b6704a
      size: 8
    - path: FOI.mos
      hash: md5
      md5: b3b9ca10099da3b7b055f649ef002ee7
      size: 756
    outs:
    - path: FOI
      hash: md5
      md5: 4047565bd18a77f076948f36a03e4e12
      size: 53048
    - path: FOI_info.json
      hash: md5
      md5: b6afb072e8919fe3e7ab04c9e68e0929
      size: 1426
    - path: FOI_init.xml
      hash: md5
      md5: 42c6f81ceacbf513c42a51312b6393ac
      size: 5342
    - path: FOI_res.mat
      hash: md5
      md5: 965223783f788c18a06a5c589ea8db4f
      size: 16483
  build-case-FOE:
    cmd:
    - omc FOE.mos
    - rm FOE_*.c FOE.c FOE.o FOE_*.h FOE_*.o FOE.libs FOE.log FOE.makefile FOE_prof*
    deps:
    - path: ../../ModelicaByExample
      hash: md5
      md5: 06545de35b64eb828e75090394cbe2f0.dir
      size: 11786865
      nfiles: 629
    - path: ../build-arch
      hash: md5
      md5: 4f2cc97958831e0481a9a62304b6704a
      size: 8
    - path: FOE.mos
      hash: md5
      md5: adf8574746b240057929b1fa4dbbd203
      size: 746
    outs:
    - path: FOE
      hash: md5
      md5: 7c625808156bd3679c4b47adf3b378ea
      size: 53048
    - path: FOE_info.json
      hash: md5
      md5: 8b07b549936e41b585fca56b6b405d0e
      size: 1434
    - path: FOE_init.xml
      hash: md5
      md5: a7acf662e4de0273083de3a2e4a4f274
      size: 5347
    - path: FOE_res.mat
      hash: md5
      md5: 4f40898b7fda2994caa0e91ac71c9641
      size: 16483
  build-case-FOS:
    cmd:
    - omc FOS.mos
    - rm FOS_*.c FOS.c FOS.o FOS_*.h FOS_*.o FOS.libs FOS.log FOS.makefile FOS_prof*
    deps:
    - path: ../../ModelicaByExample
      hash: md5
      md5: 06545de35b64eb828e75090394cbe2f0.dir
      size: 11786865
      nfiles: 629
    - path: ../build-arch
      hash: md5
      md5: 4f2cc97958831e0481a9a62304b6704a
      size: 8
    - path: FOS.mos
      hash: md5
      md5: 7e466aa7a8ab82098750032475840344
      size: 755
    outs:
    - path: FOS
      hash: md5
      md5: 1e4afa969f4de4ccba8e6b45c2e0115b
      size: 53088
    - path: FOS_info.json
      hash: md5
      md5: fa59e65ac1dfdb9560bb1aa249048082
      size: 1663
    - path: FOS_init.xml
      hash: md5
      md5: bc0c47be9faaf5d6b87b8717e5ad2783
      size: 5355
    - path: FOS_res.mat
      hash: md5
      md5: 37886e8235457ed56aaf89dd60e4f527
      size: 16483
  build-case-NCWD:
    cmd:
    - omc NCWD.mos
    - rm NCWD_*.c NCWD.c NCWD.o NCWD_*.h NCWD_*.o NCWD.libs NCWD.log NCWD.makefile
      NCWD_prof*
    deps:
    - path: ../../ModelicaByExample
      hash: md5
      md5: 06545de35b64eb828e75090394cbe2f0.dir
      size: 11786865
      nfiles: 629
    - path: ../build-arch
      hash: md5
      md5: 4f2cc97958831e0481a9a62304b6704a
      size: 8
    - path: NCWD.mos
      hash: md5
      md5: 1b11fbeec717b64adfc915966d33eafe
      size: 765
    outs:
    - path: NCWD
      hash: md5
      md5: 6badb8e256703b2eefee32a41d98f627
      size: 53368
    - path: NCWD_info.json
      hash: md5
      md5: 86db7fd7a84a93014a331eb90a80114b
      size: 3227
    - path: NCWD_init.xml
      hash: md5
      md5: 386ae4320acebd315f29d6cfbf2b205f
      size: 8957
    - path: NCWD_res.mat
      hash: md5
      md5: dbd5cdae8b1f8f998c7e01c4ad9f8316
      size: 16977
  build-case-RLC1:
    cmd:
    - omc RLC1.mos
    - rm RLC1_*.c RLC1.c RLC1.o RLC1_*.h RLC1_*.o RLC1.libs RLC1.log RLC1.makefile
      RLC1_prof*
    deps:
    - path: ../../ModelicaByExample
      hash: md5
      md5: 06545de35b64eb828e75090394cbe2f0.dir
      size: 11786865
      nfiles: 629
    - path: ../build-arch
      hash: md5
      md5: 4f2cc97958831e0481a9a62304b6704a
      size: 8
    - path: RLC1.mos
      hash: md5
      md5: 5a4d8174ef0a1d7b089fcbd120158206
      size: 733
    outs:
    - path: RLC1
      hash: md5
      md5: 7a38ed0cb4bf81769d5aca68107a13b6
      size: 53544
    - path: RLC1_info.json
      hash: md5
      md5: dd9a5c462d8ab45bfc84ecf2f14f42a6
      size: 4332
    - path: RLC1_init.xml
      hash: md5
      md5: c429325d7059b6d8c10f0f183ca78bca
      size: 9483
    - path: RLC1_res.mat
      hash: md5
      md5: 794d369b6d5c759af708ea051d6d9dd7
      size: 32959
  build-case-SOSIP:
    cmd:
    - omc SOSIP.mos
    - rm SOSIP_*.c SOSIP.c SOSIP.o SOSIP_*.h SOSIP_*.o SOSIP.libs SOSIP.log SOSIP.makefile
      SOSIP_prof*
    deps:
    - path: ../../ModelicaByExample
      hash: md5
      md5: 06545de35b64eb828e75090394cbe2f0.dir
      size: 11786865
      nfiles: 629
    - path: ../build-arch
      hash: md5
      md5: 4f2cc97958831e0481a9a62304b6704a
      size: 8
    - path: SOSIP.mos
      hash: md5
      md5: d9c0411081228abb3eda25c365307c1e
      size: 767
    outs:
    - path: SOSIP
      hash: md5
      md5: 79dc519418f990d30b1318e6fbd90036
      size: 53712
    - path: SOSIP_info.json
      hash: md5
      md5: f5abb3becb0e28df99dbf7faa282ee6d
      size: 8456
    - path: SOSIP_init.xml
      hash: md5
      md5: 00cdbd70f738cd1de4e14d96d6400202
      size: 15120
    - path: SOSIP_res.mat
      hash: md5
      md5: 7d47a0f15c4b1111ce823f8c746b759d
      size: 41907
  build-case-SOSIP1:
    cmd:
    - omc SOSIP1.mos
    - rm SOSIP1_*.c SOSIP1.c SOSIP1.o SOSIP1_*.h SOSIP1_*.o SOSIP1.libs SOSIP1.log
      SOSIP1.makefile SOSIP1_prof*
    deps:
    - path: ../../ModelicaByExample
      hash: md5
      md5: 06545de35b64eb828e75090394cbe2f0.dir
      size: 11786865
      nfiles: 629
    - path: ../build-arch
      hash: md5
      md5: 4f2cc97958831e0481a9a62304b6704a
      size: 8
    - path: SOSIP1.mos
      hash: md5
      md5: 1ee61fc3d6d3d6d31dd184d7d2db9ada
      size: 792
    outs:
    - path: SOSIP1
      hash: md5
      md5: 47420c6dedda2491c581dcffe75652fc
      size: 53800
    - path: SOSIP1_info.json
      hash: md5
      md5: f5abb3becb0e28df99dbf7faa282ee6d
      size: 8456
    - path: SOSIP1_init.xml
      hash: md5
      md5: 2c56dde818dbac73b457343e3edcb78f
      size: 15120
    - path: SOSIP1_res.mat
      hash: md5
      md5: 32da6dc7d6f6abc171c4561c4a45d7e6
      size: 41907
  build-case-LVCM:
    cmd:
    - omc LVCM.mos
    - rm LVCM_*.c LVCM.c LVCM.o LVCM_*.h LVCM_*.o LVCM.libs LVCM.log LVCM.makefile
      LVCM_prof*
    deps:
    - path: ../../ModelicaByExample
      hash: md5
      md5: 06545de35b64eb828e75090394cbe2f0.dir
      size: 11786865
      nfiles: 629
    - path: ../build-arch
      hash: md5
      md5: 4f2cc97958831e0481a9a62304b6704a
      size: 8
    - path: LVCM.mos
      hash: md5
      md5: 08dbf02cea0cf7b32cf024d11fc84278
      size: 753
    outs:
    - path: LVCM
      hash: md5
      md5: 9b3540d151604b71cb663b31a7bd4b1c
      size: 53344
    - path: LVCM_info.json
      hash: md5
      md5: cdf3b0a70d92e2696a851cb53a32f2f1
      size: 4719
    - path: LVCM_init.xml
      hash: md5
      md5: cf24680b90b89411fa0743204b2b74ae
      size: 10053
    - path: LVCM_res.mat
      hash: md5
      md5: e9225b0634e64a5e7a4fda220ed542eb
      size: 25223
  build-case-LVQM:
    cmd:
    - omc LVQM.mos
    - rm LVQM_*.c LVQM.c LVQM.o LVQM_*.h LVQM_*.o LVQM.libs LVQM.log LVQM.makefile
      LVQM_prof*
    deps:
    - path: ../../ModelicaByExample
      hash: md5
      md5: 06545de35b64eb828e75090394cbe2f0.dir
      size: 11786865
      nfiles: 629
    - path: ../build-arch
      hash: md5
      md5: 4f2cc97958831e0481a9a62304b6704a
      size: 8
    - path: LVQM.mos
      hash: md5
      md5: 14cee368c392423f487850a5ce96cf98
      size: 755
    outs:
    - path: LVQM
      hash: md5
      md5: caf2c7fd34f606a6f4c374bca8432d20
      size: 58136
    - path: LVQM_info.json
      hash: md5
      md5: 72469f75040ed7dcaff3d10ba2183dda
      size: 5751
    - path: LVQM_init.xml
      hash: md5
      md5: fc34417934dad53e298a715326463506
      size: 8890
    - path: LVQM_res.mat
      hash: md5
      md5: 4a7f0f0d95a6952156ae62a9afdb56af
      size: 25057
  build-case-LVQMUS:
    cmd:
    - omc LVQMUS.mos
    - rm LVQMUS_*.c LVQMUS.c LVQMUS.o LVQMUS_*.h LVQMUS_*.o LVQMUS.libs LVQMUS.log
      LVQMUS.makefile LVQMUS_prof*
    deps:
    - path: ../../ModelicaByExample
      hash: md5
      md5: 06545de35b64eb828e75090394cbe2f0.dir
      size: 11786865
      nfiles: 629
    - path: ../build-arch
      hash: md5
      md5: 4f2cc97958831e0481a9a62304b6704a
      size: 8
    - path: LVQMUS.mos
      hash: md5
      md5: d619631f6118d7569e33e5c4966b7cd9
      size: 767
    outs:
    - path: LVQMUS
      hash: md5
      md5: 1cec99982850fbf12ce6e8d6792c18c1
      size: 58320
    - path: LVQMUS_info.json
      hash: md5
      md5: b84ca21c13442cfd768cb9525c9a6081
      size: 5921
    - path: LVQMUS_init.xml
      hash: md5
      md5: c90aa96bf1fb5cc37e15e0bdfc12f580
      size: 9016
    - path: LVQMUS_res.mat
      hash: md5
      md5: 2416d6d6ae22917da14d39f9ce777483
      size: 25057
  build-case-NCD:
    cmd:
    - omc NCD.mos
    - rm NCD_*.c NCD.c NCD.o NCD_*.h NCD_*.o NCD.libs NCD.log NCD.makefile NCD_prof*
    deps:
    - path: ../../ModelicaByExample
      hash: md5
      md5: 06545de35b64eb828e75090394cbe2f0.dir
      size: 11786865
      nfiles: 629
    - path: ../build-arch
      hash: md5
      md5: 4f2cc97958831e0481a9a62304b6704a
      size: 8
    - path: NCD.mos
      hash: md5
      md5: 4477a3998527204fd4c1272db000b606
      size: 763
    outs:
    - path: NCD
      hash: md5
      md5: d88e9fad6e241a7b54cda8deaa17fc0d
      size: 63144
    - path: NCD_info.json
      hash: md5
      md5: d0732c9072bde47dd2f6a21353b56b7f
      size: 6065
    - path: NCD_init.xml
      hash: md5
      md5: 52a0fcd175f569f4bd291ff45cdebcbf
      size: 9135
    - path: NCD_res.mat
      hash: md5
      md5: f0841a65184c8e802748084bd9813ac3
      size: 21137
  build-case-NCSTD:
    cmd:
    - omc NCSTD.mos
    - rm NCSTD_*.c NCSTD.c NCSTD.o NCSTD_*.h NCSTD_*.o NCSTD.libs NCSTD.log NCSTD.makefile
      NCSTD_prof*
    deps:
    - path: ../../ModelicaByExample
      hash: md5
      md5: 06545de35b64eb828e75090394cbe2f0.dir
      size: 11786865
      nfiles: 629
    - path: ../build-arch
      hash: md5
      md5: 4f2cc97958831e0481a9a62304b6704a
      size: 8
    - path: NCSTD.mos
      hash: md5
      md5: be47c8c263b74ce3666ac07e38c7f1cf
      size: 775
    outs:
    - path: NCSTD
      hash: md5
      md5: 2382e5a3931ae7b7c017fc2afe24ae8b
      size: 59184
    - path: NCSTD_info.json
      hash: md5
      md5: 647b4479400b24c4fd1c18ada3927bda
      size: 5887
    - path: NCSTD_init.xml
      hash: md5
      md5: 29249b75810eea569d709ea883020d2f
      size: 8608
    - path: NCSTD_res.mat
      hash: md5
      md5: b8b9230f4833392c781d77d4450365da
      size: 21054
  build-case-BB1:
    cmd:
    - omc BB1.mos
    - rm BB1_*.c BB1.c BB1.o BB1_*.h BB1_*.o BB1.libs BB1.log BB1.makefile BB1_prof*
    deps:
    - path: ../../ModelicaByExample
      hash: md5
      md5: 06545de35b64eb828e75090394cbe2f0.dir
      size: 11786865
      nfiles: 629
    - path: ../build-arch
      hash: md5
      md5: 4f2cc97958831e0481a9a62304b6704a
      size: 8
    - path: BB1.mos
      hash: md5
      md5: 4323b3a7a92eb9b67f303c479598ed95
      size: 751
    outs:
    - path: BB1
      hash: md5
      md5: 3c2c481b6a60ff99ba89cf34b4236fb3
      size: 53416
    - path: BB1_info.json
      hash: md5
      md5: 4cb62497dc0a1e02df856d38b29786ba
      size: 4097
    - path: BB1_init.xml
      hash: md5
      md5: ca422d86298d05a08ec08e3d4e0784d2
      size: 8227
    - path: BB1_res.mat
      hash: md5
      md5: e595b3f83b86bcd893455a917ba53908
      size: 30273
  build-case-BB2:
    cmd:
    - omc BB2.mos
    - rm BB2_*.c BB2.c BB2.o BB2_*.h BB2_*.o BB2.libs BB2.log BB2.makefile BB2_prof*
    deps:
    - path: ../../ModelicaByExample
      hash: md5
      md5: 06545de35b64eb828e75090394cbe2f0.dir
      size: 11786865
      nfiles: 629
    - path: ../build-arch
      hash: md5
      md5: 4f2cc97958831e0481a9a62304b6704a
      size: 8
    - path: BB2.mos
      hash: md5
      md5: c4db6fabaf275f18b2a43521228557a0
      size: 751
    outs:
    - path: BB2
      hash: md5
      md5: 654c22f3cfa9af13c1caeea21d367683
      size: 53416
    - path: BB2_info.json
      hash: md5
      md5: 4cb62497dc0a1e02df856d38b29786ba
      size: 4097
    - path: BB2_init.xml
      hash: md5
      md5: 0bf73e3641bd53ff48f16987e26110a5
      size: 8226
    - path: BB2_res.mat
      hash: md5
      md5: 3419826cad1f5224447c875d124dfcd5
      size: 36657
  build-case-Decay1:
    cmd:
    - omc Decay1.mos
    - rm Decay1_*.c Decay1.c Decay1.o Decay1_*.h Decay1_*.o Decay1.libs Decay1.log
      Decay1.makefile Decay1_prof*
    deps:
    - path: ../../ModelicaByExample
      hash: md5
      md5: 06545de35b64eb828e75090394cbe2f0.dir
      size: 11786865
      nfiles: 629
    - path: ../build-arch
      hash: md5
      md5: 4f2cc97958831e0481a9a62304b6704a
      size: 8
    - path: Decay1.mos
      hash: md5
      md5: e8b0baa096aa7f8df9abbe9494749a43
      size: 740
    outs:
    - path: Decay1
      hash: md5
      md5: f8aa3a64295c5ae56852cad89e599114
      size: 53472
    - path: Decay1_info.json
      hash: md5
      md5: 2fcd81a806cb98092b18a60f5113815f
      size: 1267
    - path: Decay1_init.xml
      hash: md5
      md5: c36fab6e084d80e64006f632ada888c6
      size: 5157
    - path: Decay1_res.mat
      hash: md5
      md5: 836a91b6ba591b30957729824e018c5a
      size: 6807
  build-case-Decay2:
    cmd:
    - omc Decay2.mos
    - rm Decay2_*.c Decay2.c Decay2.o Decay2_*.h Decay2_*.o Decay2.libs Decay2.log
      Decay2.makefile Decay2_prof*
    deps:
    - path: ../../ModelicaByExample
      hash: md5
      md5: 06545de35b64eb828e75090394cbe2f0.dir
      size: 11786865
      nfiles: 629
    - path: ../build-arch
      hash: md5
      md5: 4f2cc97958831e0481a9a62304b6704a
      size: 8
    - path: Decay2.mos
      hash: md5
      md5: 715acbc76740019596cdaa5d5f4dd4b4
      size: 738
    outs:
    - path: Decay2
      hash: md5
      md5: 0d30cf7e7a9ad629216d89801702eac5
      size: 53648
    - path: Decay2_info.json
      hash: md5
      md5: bbaac1886a1c9c64eade1cbd1bd8fe9e
      size: 1293
    - path: Decay2_init.xml
      hash: md5
      md5: e6a16b99a6ded14dfce9af82841f893a
      size: 5155
    - path: Decay2_res.mat
      hash: md5
      md5: 5924a53fdd79646f610586a848d4d489
      size: 16535
  build-case-Decay3:
    cmd:
    - omc Decay3.mos
    - rm Decay3_*.c Decay3.c Decay3.o Decay3_*.h Decay3_*.o Decay3.libs Decay3.log
      Decay3.makefile Decay3_prof*
    deps:
    - path: ../../ModelicaByExample
      hash: md5
      md5: 06545de35b64eb828e75090394cbe2f0.dir
      size: 11786865
      nfiles: 629
    - path: ../build-arch
      hash: md5
      md5: 4f2cc97958831e0481a9a62304b6704a
      size: 8
    - path: Decay3.mos
      hash: md5
      md5: e5d2432c86d9a0b2f84ea3e89ca50c89
      size: 741
    outs:
    - path: Decay3
      hash: md5
      md5: b7b3921aef81d9a8bc81762c6d298587
      size: 53512
    - path: Decay3_info.json
      hash: md5
      md5: 7d11bdbddeaba384c803ef3166da5c32
      size: 1302
    - path: Decay3_init.xml
      hash: md5
      md5: 215ccfbf533326d6a790cc10e1049cf7
      size: 5157
    - path: Decay3_res.mat
      hash: md5
      md5: d659aabc56118f9ba5284ecc1cbcef3a
      size: 16471
  build-case-WC:
    cmd:
    - omc WC.mos
    - rm WC_*.c WC.c WC.o WC_*.h WC_*.o WC.libs WC.log WC.makefile WC_prof*
    deps:
    - path: ../../ModelicaByExample
      hash: md5
      md5: 06545de35b64eb828e75090394cbe2f0.dir
      size: 11786865
      nfiles: 629
    - path: ../build-arch
      hash: md5
      md5: 4f2cc97958831e0481a9a62304b6704a
      size: 8
    - path: WC.mos
      hash: md5
      md5: 0823cd96c1aeca4279e9bf5c3bd9e1ac
      size: 742
    outs:
    - path: WC
      hash: md5
      md5: bc13084742dd5a1d2882bf5e289c5b88
      size: 53136
    - path: WC_info.json
      hash: md5
      md5: 684b1ebf5d5e2d0dc6ab9ed72e689074
      size: 1324
    - path: WC_init.xml
      hash: md5
      md5: 7a2c4d7f1d6b684846c12f3ed12f5b68
      size: 5184
    - path: WC_res.mat
      hash: md5
      md5: e1bbb7cd461065eae4ebfce208f5cb55
      size: 40016471
  build-case-WOC:
    cmd:
    - omc WOC.mos
    - rm WOC_*.c WOC.c WOC.o WOC_*.h WOC_*.o WOC.libs WOC.log WOC.makefile WOC_prof*
    deps:
    - path: ../../ModelicaByExample
      hash: md5
      md5: 06545de35b64eb828e75090394cbe2f0.dir
      size: 11786865
      nfiles: 629
    - path: ../build-arch
      hash: md5
      md5: 4f2cc97958831e0481a9a62304b6704a
      size: 8
    - path: WOC.mos
      hash: md5
      md5: 1fe694a93f0f00bed95bacc27bb68320
      size: 746
    outs:
    - path: WOC
      hash: md5
      md5: bcd5c04484c7e5bbcc9ab3b1e074b3f5
      size: 53088
    - path: WOC_info.json
      hash: md5
      md5: fc4d479c6241b972e01449085b838efb
      size: 1348
    - path: WOC_init.xml
      hash: md5
      md5: 74637ae1d86436d402d1a9bbedb6de0a
      size: 5196
    - path: WOC_res.mat
      hash: md5
      md5: 55b0b8cb8e9f0fb82a6768997bbef06a
      size: 16471
  build-case-WE:
    cmd:
    - omc WE.mos
    - rm WE_*.c WE.c WE.o WE_*.h WE_*.o WE.libs WE.log WE.makefile WE_prof*
    deps:
    - path: ../../ModelicaByExample
      hash: md5
      md5: 06545de35b64eb828e75090394cbe2f0.dir
      size: 11786865
      nfiles: 629
    - path: ../build-arch
      hash: md5
      md5: 4f2cc97958831e0481a9a62304b6704a
      size: 8
    - path: WE.mos
      hash: md5
      md5: afca4e9e14c363736d5767331debbe63
      size: 742
    outs:
    - path: WE
      hash: md5
      md5: 703a541de9f201522c3cd74d3f12113d
      size: 53296
    - path: WE_info.json
      hash: md5
      md5: 2ea4ce78bbc2463279fb9571cf6a26b7
      size: 2763
    - path: WE_init.xml
      hash: md5
      md5: 137845c0dc1cdc4f02055478d2f6d903
      size: 6738
    - path: WE_res.mat
      hash: md5
      md5: 49a83dfe3c35ea2ba6585a67aa1bb2cf
      size: 25998
  build-case-WEf:
    cmd:
    - omc WEf.mos
    - rm WEf_*.c WEf.c WEf.o WEf_*.h WEf_*.o WEf.libs WEf.log WEf.makefile WEf_prof*
    deps:
    - path: ../../ModelicaByExample
      hash: md5
      md5: 06545de35b64eb828e75090394cbe2f0.dir
      size: 11786865
      nfiles: 629
    - path: ../build-arch
      hash: md5
      md5: 4f2cc97958831e0481a9a62304b6704a
      size: 8
    - path: WEf.mos
      hash: md5
      md5: 97cc3db24b9f9f8ae1ecfa1b0a490638
      size: 762
    outs:
    - path: WEf
      hash: md5
      md5: 9681f1cf03d7cec520c25c1f8b7ca65d
      size: 53384
    - path: WEf_info.json
      hash: md5
      md5: 2ea4ce78bbc2463279fb9571cf6a26b7
      size: 2763
    - path: WEf_init.xml
      hash: md5
      md5: 1cfcfd4c7c2743267ba5b62ee5360cb7
      size: 6738
    - path: WEf_res.mat
      hash: md5
      md5: 9ff049de56c8008746d9bae9b9daa7be
      size: 31374
  build-case-WNE:
    cmd:
    - omc WNE.mos
    - rm WNE_*.c WNE.c WNE.o WNE_*.h WNE_*.o WNE.libs WNE.log WNE.makefile WNE_prof*
    deps:
    - path: ../../ModelicaByExample
      hash: md5
      md5: 06545de35b64eb828e75090394cbe2f0.dir
      size: 11786865
      nfiles: 629
    - path: ../build-arch
      hash: md5
      md5: 4f2cc97958831e0481a9a62304b6704a
      size: 8
    - path: WNE.mos
      hash: md5
      md5: b99e0df9f1e33505fbaa89436668292a
      size: 745
    outs:
    - path: WNE
      hash: md5
      md5: 060d3bac56beeef9a8d6c643efeb2a87
      size: 53256
    - path: WNE_info.json
      hash: md5
      md5: 7f37d26bcf5f4c0fb839618ea24702a5
      size: 2800
    - path: WNE_init.xml
      hash: md5
      md5: 8a8f8191a053789509cd379cafe6f5fe
      size: 6753
    - path: WNE_res.mat
      hash: md5
      md5: f687907f2dd34ba5657c2801d2e2b476
      size: 24654
  build-case-WNEf:
    cmd:
    - omc WNEf.mos
    - rm WNEf_*.c WNEf.c WNEf.o WNEf_*.h WNEf_*.o WNEf.libs WNEf.log WNEf.makefile
      WNEf_prof*
    deps:
    - path: ../../ModelicaByExample
      hash: md5
      md5: 06545de35b64eb828e75090394cbe2f0.dir
      size: 11786865
      nfiles: 629
    - path: ../build-arch
      hash: md5
      md5: 4f2cc97958831e0481a9a62304b6704a
      size: 8
    - path: WNEf.mos
      hash: md5
      md5: ff1b712ba1c00de2c76b0364378d522a
      size: 765
    outs:
    - path: WNEf
      hash: md5
      md5: 1648f6ce463eb5b86a2a6b123d1e0b7b
      size: 53344
    - path: WNEf_info.json
      hash: md5
      md5: 7f37d26bcf5f4c0fb839618ea24702a5
      size: 2800
    - path: WNEf_init.xml
      hash: md5
      md5: b207db6d1693e8fc3c9f05608ea5b7b8
      size: 6753
    - path: WNEf_res.mat
      hash: md5
      md5: 05ee875c8a59190fc4ad2e01d6f59a83
      size: 24654
  build-case-SRLC:
    cmd:
    - omc SRLC.mos
    - rm SRLC_*.c SRLC.c SRLC.o SRLC_*.h SRLC_*.o SRLC.libs SRLC.log SRLC.makefile
      SRLC_prof*
    deps:
    - path: ../../ModelicaByExample
      hash: md5
      md5: 06545de35b64eb828e75090394cbe2f0.dir
      size: 11786865
      nfiles: 629
    - path: ../build-arch
      hash: md5
      md5: 4f2cc97958831e0481a9a62304b6704a
      size: 8
    - path: SRLC.mos
      hash: md5
      md5: 9490c5bd64684bd57d5199c1863d064b
      size: 750
    outs:
    - path: SRLC
      hash: md5
      md5: d624b9a98174deb725a3f287d4bbf0c5
      size: 53752
    - path: SRLC_info.json
      hash: md5
      md5: 2a8517f7e602758f6124c6fbb8f0a4bf
      size: 5193
    - path: SRLC_init.xml
      hash: md5
      md5: 733e77c8bc6d714fed7e14c32646abe1
      size: 10223
    - path: SRLC_res.mat
      hash: md5
      md5: 01b236a254a58b87d7e5714882ac60bd
      size: 37164
  build-case-SampleAndHold:
    cmd:
    - omc SampleAndHold.mos
    - rm SampleAndHold_*.c SampleAndHold.c SampleAndHold.o SampleAndHold_*.h SampleAndHold_*.o
      SampleAndHold.libs SampleAndHold.log SampleAndHold.makefile SampleAndHold_prof*
    deps:
    - path: ../../ModelicaByExample
      hash: md5
      md5: 06545de35b64eb828e75090394cbe2f0.dir
      size: 11786865
      nfiles: 629
    - path: ../build-arch
      hash: md5
      md5: 4f2cc97958831e0481a9a62304b6704a
      size: 8
    - path: SampleAndHold.mos
      hash: md5
      md5: 161ce2fe79eda557e73b64936b381ac4
      size: 766
    outs:
    - path: SampleAndHold
      hash: md5
      md5: 591c87b6125b2f7020e03f128ec47005
      size: 54672
    - path: SampleAndHold_info.json
      hash: md5
      md5: cb605bf9780a16946e996bf4689f76da
      size: 8944
    - path: SampleAndHold_init.xml
      hash: md5
      md5: c3cb47a73b25d36fb7d8966557db495f
      size: 14309
    - path: SampleAndHold_res.mat
      hash: md5
      md5: 8c58805c380c0003db36947617437779
      size: 55851
  build-case-IntervalMeasure:
    cmd:
    - omc IntervalMeasure.mos
    - rm IntervalMeasure_*.c IntervalMeasure.c IntervalMeasure.o IntervalMeasure_*.h
      IntervalMeasure_*.o IntervalMeasure.libs IntervalMeasure.log IntervalMeasure.makefile
      IntervalMeasure_prof*
    deps:
    - path: ../../ModelicaByExample
      hash: md5
      md5: 06545de35b64eb828e75090394cbe2f0.dir
      size: 11786865
      nfiles: 629
    - path: ../build-arch
      hash: md5
      md5: 4f2cc97958831e0481a9a62304b6704a
      size: 8
    - path: IntervalMeasure.mos
      hash: md5
      md5: e9e86f1c4d34bc8f4eccef211c1353a4
      size: 770
    outs:
    - path: IntervalMeasure
      hash: md5
      md5: b5da4a859aef42b83f7f423acae845d2
      size: 64216
    - path: IntervalMeasure_info.json
      hash: md5
      md5: ebd854f8182639197e50caefb0a89211
      size: 13170
    - path: IntervalMeasure_init.xml
      hash: md5
      md5: 59f867878f17776783f9827c71a4a9d8
      size: 17049
    - path: IntervalMeasure_res.mat
      hash: md5
      md5: 31d0b16e898a84a097cff9cd3b730a9f
      size: 110627
  build-case-IntervalMeasure_Coarse:
    cmd:
    - omc IntervalMeasure_Coarse.mos
    - rm IntervalMeasure_Coarse_*.c IntervalMeasure_Coarse.c IntervalMeasure_Coarse.o
      IntervalMeasure_Coarse_*.h IntervalMeasure_Coarse_*.o IntervalMeasure_Coarse.libs
      IntervalMeasure_Coarse.log IntervalMeasure_Coarse.makefile IntervalMeasure_Coarse_prof*
    deps:
    - path: ../../ModelicaByExample
      hash: md5
      md5: 06545de35b64eb828e75090394cbe2f0.dir
      size: 11786865
      nfiles: 629
    - path: ../build-arch
      hash: md5
      md5: 4f2cc97958831e0481a9a62304b6704a
      size: 8
    - path: IntervalMeasure_Coarse.mos
      hash: md5
      md5: 9686d460566c7cd607c59f123223be2b
      size: 796
    outs:
    - path: IntervalMeasure_Coarse
      hash: md5
      md5: 0d79f3dc5bc8edf92892b1695eeaf6f6
      size: 64960
    - path: IntervalMeasure_Coarse_info.json
      hash: md5
      md5: ebd854f8182639197e50caefb0a89211
      size: 13170
    - path: IntervalMeasure_Coarse_init.xml
      hash: md5
      md5: 1dd8ecab493c704ae6fcb5f3a7ab8758
      size: 17049
    - path: IntervalMeasure_Coarse_res.mat
      hash: md5
      md5: 727e6021fb8e90f63c356863947b81ea
      size: 69411
  build-case-SpeedCounter:
    cmd:
    - omc SpeedCounter.mos
    - rm SpeedCounter_*.c SpeedCounter.c SpeedCounter.o SpeedCounter_*.h SpeedCounter_*.o
      SpeedCounter.libs SpeedCounter.log SpeedCounter.makefile SpeedCounter_prof*
    deps:
    - path: ../../ModelicaByExample
      hash: md5
      md5: 06545de35b64eb828e75090394cbe2f0.dir
      size: 11786865
      nfiles: 629
    - path: ../build-arch
      hash: md5
      md5: 4f2cc97958831e0481a9a62304b6704a
      size: 8
    - path: SpeedCounter.mos
      hash: md5
      md5: 40fc3fbbbba2aeed4930fd19fb2901b6
      size: 772
    outs:
    - path: SpeedCounter
      hash: md5
      md5: 72f06803e36500d44a7e7868ad913794
      size: 59488
    - path: SpeedCounter_info.json
      hash: md5
      md5: eccf33eea194530282865076c0151185
      size: 12561
    - path: SpeedCounter_init.xml
      hash: md5
      md5: 66d49001393b35140b7ae7558e024db1
      size: 18261
    - path: SpeedCounter_res.mat
      hash: md5
      md5: efd842688f93f6d25c91e88e567a26b4
      size: 126003
  build-case-CC1:
    cmd:
    - omc CC1.mos
    - rm CC1_*.c CC1.c CC1.o CC1_*.h CC1_*.o CC1.libs CC1.log CC1.makefile CC1_prof*
    deps:
    - path: ../../ModelicaByExample
      hash: md5
      md5: 06545de35b64eb828e75090394cbe2f0.dir
      size: 11786865
      nfiles: 629
    - path: ../build-arch
      hash: md5
      md5: 4f2cc97958831e0481a9a62304b6704a
      size: 8
    - path: CC1.mos
      hash: md5
      md5: b93137cdc237b26574f0df470f2428ab
      size: 754
    outs:
    - path: CC1
      hash: md5
      md5: a668ff8f03da41bf1467183c6163939d
      size: 53536
    - path: CC1_info.json
      hash: md5
      md5: b57ee3c182cd20031dc2e7f882946f64
      size: 4011
    - path: CC1_init.xml
      hash: md5
      md5: b723b38dbf173433d018150af490ff1d
      size: 9201
    - path: CC1_res.mat
      hash: md5
      md5: 59a38e5fcaff874dd88e39214a86e336
      size: 3901222
  build-case-Hyst:
    cmd:
    - omc Hyst.mos
    - rm Hyst_*.c Hyst.c Hyst.o Hyst_*.h Hyst_*.o Hyst.libs Hyst.log Hyst.makefile
      Hyst_prof*
    deps:
    - path: ../../ModelicaByExample
      hash: md5
      md5: 06545de35b64eb828e75090394cbe2f0.dir
      size: 11786865
      nfiles: 629
    - path: ../build-arch
      hash: md5
      md5: 4f2cc97958831e0481a9a62304b6704a
      size: 8
    - path: Hyst.mos
      hash: md5
      md5: a054b746a5a549e6c913be129b4fea2d
      size: 755
    outs:
    - path: Hyst
      hash: md5
      md5: 018548cc351cfac50c36f91247a06801
      size: 53992
    - path: Hyst_info.json
      hash: md5
      md5: 2326ebd583ee9f26e4e4e05ca7f7895d
      size: 5755
    - path: Hyst_init.xml
      hash: md5
      md5: e243fdb9a609fad64cb91dd878c72337
      size: 10361
    - path: Hyst_res.mat
      hash: md5
      md5: 1c98a2a647423e9340bbf3d1f3b799d4
      size: 38246
  build-case-HystA:
    cmd:
    - omc HystA.mos
    - rm HystA_*.c HystA.c HystA.o HystA_*.h HystA_*.o HystA.libs HystA.log HystA.makefile
      HystA_prof*
    deps:
    - path: ../../ModelicaByExample
      hash: md5
      md5: 06545de35b64eb828e75090394cbe2f0.dir
      size: 11786865
      nfiles: 629
    - path: ../build-arch
      hash: md5
      md5: 4f2cc97958831e0481a9a62304b6704a
      size: 8
    - path: HystA.mos
      hash: md5
      md5: f53146dca235a3bde8bb843b81343cc3
      size: 770
    outs:
    - path: HystA
      hash: md5
      md5: 601ef886ac55162ba8b6a3892d553fe6
      size: 54032
    - path: HystA_info.json
      hash: md5
      md5: af7c3fb38eec78768752f85316a0bfc8
      size: 5660
    - path: HystA_init.xml
      hash: md5
      md5: a2ba06f49c406689130f27ed3d0974ef
      size: 10498
    - path: HystA_res.mat
      hash: md5
      md5: 656618cada9e09950f1e4406f00fbcc3
      size: 38246
