# THIS IS AN AUTOGENERATED FILE. DO NOT EDIT THIS FILE DIRECTLY.
# yarn lockfile v1


"@types/body-parser@*":
  version "1.16.7"
  resolved "https://registry.yarnpkg.com/@types/body-parser/-/body-parser-1.16.7.tgz#455fc23fd0ddaaeda6cd6cbb653558276e5920fa"
  dependencies:
    "@types/express" "*"
    "@types/node" "*"

"@types/compression@^0.0.34":
  version "0.0.34"
  resolved "https://registry.npmjs.org/@types/compression/-/compression-0.0.34.tgz#c7eb6bdd2b919099c9da62f2158934894af887f1"
  dependencies:
    "@types/express" "*"

"@types/cors@^2.8.1":
  version "2.8.1"
  resolved "https://registry.npmjs.org/@types/cors/-/cors-2.8.1.tgz#54073caf3b7a741e67fb82483f83a6cadfba7501"
  dependencies:
    "@types/express" "*"

"@types/debug@^0.0.29":
  version "0.0.29"
  resolved "https://registry.npmjs.org/@types/debug/-/debug-0.0.29.tgz#a1e514adfbd92f03a224ba54d693111dbf1f3754"

"@types/debug@^0.0.30":
  version "0.0.30"
  resolved "https://registry.npmjs.org/@types/debug/-/debug-0.0.30.tgz#dc1e40f7af3b9c815013a7860e6252f6352a84df"

"@types/express-serve-static-core@*":
  version "4.0.56"
  resolved "https://registry.yarnpkg.com/@types/express-serve-static-core/-/express-serve-static-core-4.0.56.tgz#4ed556dcff9012cce6b016e214fdc5ef6e99db7d"
  dependencies:
    "@types/node" "*"

"@types/express@*", "@types/express@^4.0.39":
  version "4.0.39"
  resolved "https://registry.yarnpkg.com/@types/express/-/express-4.0.39.tgz#1441f21d52b33be8d4fa8a865c15a6a91cd0fa09"
  dependencies:
    "@types/body-parser" "*"
    "@types/express-serve-static-core" "*"
    "@types/serve-static" "*"

"@types/fs-extra@^4.0.3":
  version "4.0.3"
  resolved "https://registry.yarnpkg.com/@types/fs-extra/-/fs-extra-4.0.3.tgz#87343b1ab99415b61817ac894ed622355a0ebf67"
  dependencies:
    "@types/node" "*"

"@types/mime@*":
  version "2.0.0"
  resolved "https://registry.yarnpkg.com/@types/mime/-/mime-2.0.0.tgz#5a7306e367c539b9f6543499de8dd519fac37a8b"

"@types/node@*":
  version "8.0.47"
  resolved "https://registry.yarnpkg.com/@types/node/-/node-8.0.47.tgz#968e596f91acd59069054558a00708c445ca30c2"

"@types/serve-static@*":
  version "1.13.0"
  resolved "https://registry.yarnpkg.com/@types/serve-static/-/serve-static-1.13.0.tgz#2ef359d8d5982bc011a7a8fa36016e629e8b7635"
  dependencies:
    "@types/express-serve-static-core" "*"
    "@types/mime" "*"

"@types/temp@^0.8.31":
  version "0.8.31"
  resolved "https://registry.yarnpkg.com/@types/temp/-/temp-0.8.31.tgz#8518b6fb4c7d7cf106c78e5d88d3cff88d508f97"
  dependencies:
    "@types/node" "*"

"@xogeny/mat-parser@^0.3.0":
  version "0.3.0"
  resolved "https://registry.npmjs.org/@xogeny/mat-parser/-/mat-parser-0.3.0.tgz#b60ec449a833a9879b24b63dfb0547b2837af7bc"
  integrity sha512-uE7QHSFkI3qDwVKaMgERhPLqRmqRGV3YA46pVRftEeFdtm7DTV6z9ZPlczr2NDkoZoxnzqdXyssqhez5rjn82w==
  dependencies:
    debug "^3.1.0"
    msgpack5 "^3.4.1"
    rxjs "^5.3.0"
    yargs "^7.1.0"
  optionalDependencies:
    "@xogeny/part-collection" "^0.1.9"

"@xogeny/part-collection@^0.1.9":
  version "0.1.9"
  resolved "https://registry.npmjs.org/@xogeny/part-collection/-/part-collection-0.1.9.tgz#1fa74bf6cd7bbe9ca69b4991dd7ba43253624b06"
  integrity sha1-H6dL9s17vpymm0mR3XukMlNiSwY=
  dependencies:
    "@types/debug" "^0.0.29"
    debug "^2.6.8"

accepts@~1.3.4:
  version "1.3.4"
  resolved "https://registry.yarnpkg.com/accepts/-/accepts-1.3.4.tgz#86246758c7dd6d21a6474ff084a4740ec05eb21f"
  dependencies:
    mime-types "~2.1.16"
    negotiator "0.6.1"

ansi-regex@^2.0.0:
  version "2.1.1"
  resolved "https://registry.npmjs.org/ansi-regex/-/ansi-regex-2.1.1.tgz#c3b33ab5ee360d86e0e628f0468ae7ef27d654df"

array-flatten@1.1.1:
  version "1.1.1"
  resolved "https://registry.yarnpkg.com/array-flatten/-/array-flatten-1.1.1.tgz#9a5f699051b1e7073328f2a008968b64ea2955d2"

bl@^1.2.1:
  version "1.2.3"
  resolved "https://registry.yarnpkg.com/bl/-/bl-1.2.3.tgz#1e8dd80142eac80d7158c9dccc047fb620e035e7"
  integrity sha512-pvcNpa0UU69UT341rO6AYy4FVAIkUHuZXRIWbq+zHnsVcRzDDjIAhGuuYoi0d//cwIwtt4pkpKycWEfjdV+vww==
  dependencies:
    readable-stream "^2.3.5"
    safe-buffer "^5.1.1"

body-parser@1.18.2:
  version "1.18.2"
  resolved "https://registry.yarnpkg.com/body-parser/-/body-parser-1.18.2.tgz#87678a19d84b47d859b83199bd59bce222b10454"
  dependencies:
    bytes "3.0.0"
    content-type "~1.0.4"
    debug "2.6.9"
    depd "~1.1.1"
    http-errors "~1.6.2"
    iconv-lite "0.4.19"
    on-finished "~2.3.0"
    qs "6.5.1"
    raw-body "2.3.2"
    type-is "~1.6.15"

builtin-modules@^1.0.0:
  version "1.1.1"
  resolved "https://registry.npmjs.org/builtin-modules/-/builtin-modules-1.1.1.tgz#270f076c5a72c02f5b65a47df94c5fe3a278892f"

bytes@3.0.0:
  version "3.0.0"
  resolved "https://registry.yarnpkg.com/bytes/-/bytes-3.0.0.tgz#d32815404d689699f85a4ea4fa8755dd13a96048"

camelcase@^3.0.0:
  version "3.0.0"
  resolved "https://registry.npmjs.org/camelcase/-/camelcase-3.0.0.tgz#32fc4b9fcdaf845fcdf7e73bb97cac2261f0ab0a"

cliui@^3.2.0:
  version "3.2.0"
  resolved "https://registry.npmjs.org/cliui/-/cliui-3.2.0.tgz#120601537a916d29940f934da3b48d585a39213d"
  dependencies:
    string-width "^1.0.1"
    strip-ansi "^3.0.1"
    wrap-ansi "^2.0.0"

code-point-at@^1.0.0:
  version "1.1.0"
  resolved "https://registry.npmjs.org/code-point-at/-/code-point-at-1.1.0.tgz#0d070b4d043a5bea33a2f1a40e2edb3d9a4ccf77"

compressible@~2.0.11:
  version "2.0.12"
  resolved "https://registry.npmjs.org/compressible/-/compressible-2.0.12.tgz#c59a5c99db76767e9876500e271ef63b3493bd66"
  dependencies:
    mime-db ">= 1.30.0 < 2"

compression@^1.7.1:
  version "1.7.1"
  resolved "https://registry.npmjs.org/compression/-/compression-1.7.1.tgz#eff2603efc2e22cf86f35d2eb93589f9875373db"
  dependencies:
    accepts "~1.3.4"
    bytes "3.0.0"
    compressible "~2.0.11"
    debug "2.6.9"
    on-headers "~1.0.1"
    safe-buffer "5.1.1"
    vary "~1.1.2"

content-disposition@0.5.2:
  version "0.5.2"
  resolved "https://registry.yarnpkg.com/content-disposition/-/content-disposition-0.5.2.tgz#0cf68bb9ddf5f2be7961c3a85178cb85dba78cb4"

content-type@~1.0.4:
  version "1.0.4"
  resolved "https://registry.yarnpkg.com/content-type/-/content-type-1.0.4.tgz#e138cc75e040c727b1966fe5e5f8c9aee256fe3b"

cookie-signature@1.0.6:
  version "1.0.6"
  resolved "https://registry.yarnpkg.com/cookie-signature/-/cookie-signature-1.0.6.tgz#e303a882b342cc3ee8ca513a79999734dab3ae2c"

cookie@0.3.1:
  version "0.3.1"
  resolved "https://registry.yarnpkg.com/cookie/-/cookie-0.3.1.tgz#e7e0a1f9ef43b4c8ba925c5c5a96e806d16873bb"

core-util-is@~1.0.0:
  version "1.0.2"
  resolved "https://registry.yarnpkg.com/core-util-is/-/core-util-is-1.0.2.tgz#b5fd54220aa2bc5ab57aab7140c940754503c1a7"
  integrity sha1-tf1UIgqivFq1eqtxQMlAdUUDwac=

cors@^2.8.4:
  version "2.8.4"
  resolved "https://registry.npmjs.org/cors/-/cors-2.8.4.tgz#2bd381f2eb201020105cd50ea59da63090694686"
  dependencies:
    object-assign "^4"
    vary "^1"

debug@2.6.9, debug@^2.6.8:
  version "2.6.9"
  resolved "https://registry.yarnpkg.com/debug/-/debug-2.6.9.tgz#5d128515df134ff327e90a4c93f4e077a536341f"
  dependencies:
    ms "2.0.0"

debug@^3.1.0:
  version "3.1.0"
  resolved "https://registry.npmjs.org/debug/-/debug-3.1.0.tgz#5bb5a0672628b64149566ba16819e61518c67261"
  dependencies:
    ms "2.0.0"

decamelize@^1.1.1:
  version "1.2.0"
  resolved "https://registry.npmjs.org/decamelize/-/decamelize-1.2.0.tgz#f6534d15148269b20352e7bee26f501f9a191290"

depd@1.1.1, depd@~1.1.1:
  version "1.1.1"
  resolved "https://registry.yarnpkg.com/depd/-/depd-1.1.1.tgz#5783b4e1c459f06fa5ca27f991f3d06e7a310359"

destroy@~1.0.4:
  version "1.0.4"
  resolved "https://registry.yarnpkg.com/destroy/-/destroy-1.0.4.tgz#978857442c44749e4206613e37946205826abd80"

dockergen@^0.3.6:
  version "0.3.6"
  resolved "https://registry.npmjs.org/dockergen/-/dockergen-0.3.6.tgz#64b362a01c4f997a89fdd008a664204180b1fa46"
  dependencies:
    yargs "^6.6.0"

ee-first@1.1.1:
  version "1.1.1"
  resolved "https://registry.yarnpkg.com/ee-first/-/ee-first-1.1.1.tgz#590c61156b0ae2f4f0255732a158b266bc56b21d"

encodeurl@~1.0.1:
  version "1.0.1"
  resolved "https://registry.yarnpkg.com/encodeurl/-/encodeurl-1.0.1.tgz#79e3d58655346909fe6f0f45a5de68103b294d20"

error-ex@^1.2.0:
  version "1.3.1"
  resolved "https://registry.npmjs.org/error-ex/-/error-ex-1.3.1.tgz#f855a86ce61adc4e8621c3cda21e7a7612c3a8dc"
  dependencies:
    is-arrayish "^0.2.1"

escape-html@~1.0.3:
  version "1.0.3"
  resolved "https://registry.yarnpkg.com/escape-html/-/escape-html-1.0.3.tgz#0258eae4d3d0c0974de1c169188ef0051d1d1988"

etag@~1.8.1:
  version "1.8.1"
  resolved "https://registry.yarnpkg.com/etag/-/etag-1.8.1.tgz#41ae2eeb65efa62268aebfea83ac7d79299b0887"

express@^4.16.2:
  version "4.16.2"
  resolved "https://registry.yarnpkg.com/express/-/express-4.16.2.tgz#e35c6dfe2d64b7dca0a5cd4f21781be3299e076c"
  dependencies:
    accepts "~1.3.4"
    array-flatten "1.1.1"
    body-parser "1.18.2"
    content-disposition "0.5.2"
    content-type "~1.0.4"
    cookie "0.3.1"
    cookie-signature "1.0.6"
    debug "2.6.9"
    depd "~1.1.1"
    encodeurl "~1.0.1"
    escape-html "~1.0.3"
    etag "~1.8.1"
    finalhandler "1.1.0"
    fresh "0.5.2"
    merge-descriptors "1.0.1"
    methods "~1.1.2"
    on-finished "~2.3.0"
    parseurl "~1.3.2"
    path-to-regexp "0.1.7"
    proxy-addr "~2.0.2"
    qs "6.5.1"
    range-parser "~1.2.0"
    safe-buffer "5.1.1"
    send "0.16.1"
    serve-static "1.13.1"
    setprototypeof "1.1.0"
    statuses "~1.3.1"
    type-is "~1.6.15"
    utils-merge "1.0.1"
    vary "~1.1.2"

finalhandler@1.1.0:
  version "1.1.0"
  resolved "https://registry.yarnpkg.com/finalhandler/-/finalhandler-1.1.0.tgz#ce0b6855b45853e791b2fcc680046d88253dd7f5"
  dependencies:
    debug "2.6.9"
    encodeurl "~1.0.1"
    escape-html "~1.0.3"
    on-finished "~2.3.0"
    parseurl "~1.3.2"
    statuses "~1.3.1"
    unpipe "~1.0.0"

find-up@^1.0.0:
  version "1.1.2"
  resolved "https://registry.npmjs.org/find-up/-/find-up-1.1.2.tgz#6b2e9822b1a2ce0a60ab64d610eccad53cb24d0f"
  dependencies:
    path-exists "^2.0.0"
    pinkie-promise "^2.0.0"

forwarded@~0.1.2:
  version "0.1.2"
  resolved "https://registry.yarnpkg.com/forwarded/-/forwarded-0.1.2.tgz#98c23dab1175657b8c0573e8ceccd91b0ff18c84"

fresh@0.5.2:
  version "0.5.2"
  resolved "https://registry.yarnpkg.com/fresh/-/fresh-0.5.2.tgz#3d8cadd90d976569fa835ab1f8e4b23a105605a7"

get-caller-file@^1.0.1:
  version "1.0.2"
  resolved "https://registry.npmjs.org/get-caller-file/-/get-caller-file-1.0.2.tgz#f702e63127e7e231c160a80c1554acb70d5047e5"

graceful-fs@^4.1.2:
  version "4.1.11"
  resolved "https://registry.yarnpkg.com/graceful-fs/-/graceful-fs-4.1.11.tgz#0e8bdfe4d1ddb8854d64e04ea7c00e2a026e5658"

hosted-git-info@^2.1.4:
  version "2.5.0"
  resolved "https://registry.npmjs.org/hosted-git-info/-/hosted-git-info-2.5.0.tgz#6d60e34b3abbc8313062c3b798ef8d901a07af3c"

http-errors@1.6.2, http-errors@~1.6.2:
  version "1.6.2"
  resolved "https://registry.yarnpkg.com/http-errors/-/http-errors-1.6.2.tgz#0a002cc85707192a7e7946ceedc11155f60ec736"
  dependencies:
    depd "1.1.1"
    inherits "2.0.3"
    setprototypeof "1.0.3"
    statuses ">= 1.3.1 < 2"

iconv-lite@0.4.19:
  version "0.4.19"
  resolved "https://registry.yarnpkg.com/iconv-lite/-/iconv-lite-0.4.19.tgz#f7468f60135f5e5dad3399c0a81be9a1603a082b"

inherits@2.0.3:
  version "2.0.3"
  resolved "https://registry.yarnpkg.com/inherits/-/inherits-2.0.3.tgz#633c2c83e3da42a502f52466022480f4208261de"

inherits@^2.0.3, inherits@~2.0.3:
  version "2.0.4"
  resolved "https://registry.yarnpkg.com/inherits/-/inherits-2.0.4.tgz#0fa2c64f932917c3433a0ded55363aae37416b7c"
  integrity sha512-k/vGaX4/Yla3WzyMCvTQOXYeIHvqOKtnqBduzTHpzpQZzAskKMhZ2K+EnBiSM9zGSoIFeMpXKxa4dYeZIQqewQ==

invert-kv@^1.0.0:
  version "1.0.0"
  resolved "https://registry.npmjs.org/invert-kv/-/invert-kv-1.0.0.tgz#104a8e4aaca6d3d8cd157a8ef8bfab2d7a3ffdb6"

ipaddr.js@1.5.2:
  version "1.5.2"
  resolved "https://registry.yarnpkg.com/ipaddr.js/-/ipaddr.js-1.5.2.tgz#d4b505bde9946987ccf0fc58d9010ff9607e3fa0"

is-arrayish@^0.2.1:
  version "0.2.1"
  resolved "https://registry.npmjs.org/is-arrayish/-/is-arrayish-0.2.1.tgz#77c99840527aa8ecb1a8ba697b80645a7a926a9d"

is-builtin-module@^1.0.0:
  version "1.0.0"
  resolved "https://registry.npmjs.org/is-builtin-module/-/is-builtin-module-1.0.0.tgz#540572d34f7ac3119f8f76c30cbc1b1e037affbe"
  dependencies:
    builtin-modules "^1.0.0"

is-fullwidth-code-point@^1.0.0:
  version "1.0.0"
  resolved "https://registry.npmjs.org/is-fullwidth-code-point/-/is-fullwidth-code-point-1.0.0.tgz#ef9e31386f031a7f0d643af82fde50c457ef00cb"
  dependencies:
    number-is-nan "^1.0.0"

is-utf8@^0.2.0:
  version "0.2.1"
  resolved "https://registry.npmjs.org/is-utf8/-/is-utf8-0.2.1.tgz#4b0da1442104d1b336340e80797e865cf39f7d72"

isarray@~1.0.0:
  version "1.0.0"
  resolved "https://registry.yarnpkg.com/isarray/-/isarray-1.0.0.tgz#bb935d48582cba168c06834957a54a3e07124f11"
  integrity sha1-u5NdSFgsuhaMBoNJV6VKPgcSTxE=

lcid@^1.0.0:
  version "1.0.0"
  resolved "https://registry.npmjs.org/lcid/-/lcid-1.0.0.tgz#308accafa0bc483a3867b4b6f2b9506251d1b835"
  dependencies:
    invert-kv "^1.0.0"

load-json-file@^1.0.0:
  version "1.1.0"
  resolved "https://registry.npmjs.org/load-json-file/-/load-json-file-1.1.0.tgz#956905708d58b4bab4c2261b04f59f31c99374c0"
  dependencies:
    graceful-fs "^4.1.2"
    parse-json "^2.2.0"
    pify "^2.0.0"
    pinkie-promise "^2.0.0"
    strip-bom "^2.0.0"

media-typer@0.3.0:
  version "0.3.0"
  resolved "https://registry.yarnpkg.com/media-typer/-/media-typer-0.3.0.tgz#8710d7af0aa626f8fffa1ce00168545263255748"

merge-descriptors@1.0.1:
  version "1.0.1"
  resolved "https://registry.yarnpkg.com/merge-descriptors/-/merge-descriptors-1.0.1.tgz#b00aaa556dd8b44568150ec9d1b953f3f90cbb61"

methods@~1.1.2:
  version "1.1.2"
  resolved "https://registry.yarnpkg.com/methods/-/methods-1.1.2.tgz#5529a4d67654134edcc5266656835b0f851afcee"

"mime-db@>= 1.30.0 < 2":
  version "1.31.0"
  resolved "https://registry.npmjs.org/mime-db/-/mime-db-1.31.0.tgz#a49cd8f3ebf3ed1a482b60561d9105ad40ca74cb"

mime-db@~1.30.0:
  version "1.30.0"
  resolved "https://registry.yarnpkg.com/mime-db/-/mime-db-1.30.0.tgz#74c643da2dd9d6a45399963465b26d5ca7d71f01"

mime-types@~2.1.15, mime-types@~2.1.16:
  version "2.1.17"
  resolved "https://registry.yarnpkg.com/mime-types/-/mime-types-2.1.17.tgz#09d7a393f03e995a79f8af857b70a9e0ab16557a"
  dependencies:
    mime-db "~1.30.0"

mime@1.4.1:
  version "1.4.1"
  resolved "https://registry.yarnpkg.com/mime/-/mime-1.4.1.tgz#121f9ebc49e3766f311a76e1fa1c8003c4b03aa6"

ms@2.0.0:
  version "2.0.0"
  resolved "https://registry.yarnpkg.com/ms/-/ms-2.0.0.tgz#5608aeadfc00be6c2901df5f9861788de0d597c8"

msgpack5@^3.4.1:
  version "3.6.1"
  resolved "https://registry.yarnpkg.com/msgpack5/-/msgpack5-3.6.1.tgz#dd3293d9a3b476d0e2639e0681464b825db2c9ed"
  integrity sha512-VoY2AaoowHZLLKyEb5FRzuhdSzXn5quGjcMKJOJHJPxp9baYZx5t6jiHUhp5aNRlqqlt+5GXQGovMLNKsrm1hg==
  dependencies:
    bl "^1.2.1"
    inherits "^2.0.3"
    readable-stream "^2.3.3"
    safe-buffer "^5.1.1"

negotiator@0.6.1:
  version "0.6.1"
  resolved "https://registry.yarnpkg.com/negotiator/-/negotiator-0.6.1.tgz#2b327184e8992101177b28563fb5e7102acd0ca9"

normalize-package-data@^2.3.2:
  version "2.4.0"
  resolved "https://registry.npmjs.org/normalize-package-data/-/normalize-package-data-2.4.0.tgz#12f95a307d58352075a04907b84ac8be98ac012f"
  dependencies:
    hosted-git-info "^2.1.4"
    is-builtin-module "^1.0.0"
    semver "2 || 3 || 4 || 5"
    validate-npm-package-license "^3.0.1"

number-is-nan@^1.0.0:
  version "1.0.1"
  resolved "https://registry.npmjs.org/number-is-nan/-/number-is-nan-1.0.1.tgz#097b602b53422a522c1afb8790318336941a011d"

object-assign@^4:
  version "4.1.1"
  resolved "https://registry.npmjs.org/object-assign/-/object-assign-4.1.1.tgz#2109adc7965887cfc05cbbd442cac8bfbb360863"

on-finished@~2.3.0:
  version "2.3.0"
  resolved "https://registry.yarnpkg.com/on-finished/-/on-finished-2.3.0.tgz#20f1336481b083cd75337992a16971aa2d906947"
  dependencies:
    ee-first "1.1.1"

on-headers@~1.0.1:
  version "1.0.1"
  resolved "https://registry.npmjs.org/on-headers/-/on-headers-1.0.1.tgz#928f5d0f470d49342651ea6794b0857c100693f7"

os-locale@^1.4.0:
  version "1.4.0"
  resolved "https://registry.npmjs.org/os-locale/-/os-locale-1.4.0.tgz#20f9f17ae29ed345e8bde583b13d2009803c14d9"
  dependencies:
    lcid "^1.0.0"

os-tmpdir@^1.0.0:
  version "1.0.2"
  resolved "https://registry.yarnpkg.com/os-tmpdir/-/os-tmpdir-1.0.2.tgz#bbe67406c79aa85c5cfec766fe5734555dfa1274"

parse-json@^2.2.0:
  version "2.2.0"
  resolved "https://registry.npmjs.org/parse-json/-/parse-json-2.2.0.tgz#f480f40434ef80741f8469099f8dea18f55a4dc9"
  dependencies:
    error-ex "^1.2.0"

parseurl@~1.3.2:
  version "1.3.2"
  resolved "https://registry.yarnpkg.com/parseurl/-/parseurl-1.3.2.tgz#fc289d4ed8993119460c156253262cdc8de65bf3"

path-exists@^2.0.0:
  version "2.1.0"
  resolved "https://registry.npmjs.org/path-exists/-/path-exists-2.1.0.tgz#0feb6c64f0fc518d9a754dd5efb62c7022761f4b"
  dependencies:
    pinkie-promise "^2.0.0"

path-to-regexp@0.1.7:
  version "0.1.7"
  resolved "https://registry.yarnpkg.com/path-to-regexp/-/path-to-regexp-0.1.7.tgz#df604178005f522f15eb4490e7247a1bfaa67f8c"

path-type@^1.0.0:
  version "1.1.0"
  resolved "https://registry.npmjs.org/path-type/-/path-type-1.1.0.tgz#59c44f7ee491da704da415da5a4070ba4f8fe441"
  dependencies:
    graceful-fs "^4.1.2"
    pify "^2.0.0"
    pinkie-promise "^2.0.0"

pify@^2.0.0:
  version "2.3.0"
  resolved "https://registry.npmjs.org/pify/-/pify-2.3.0.tgz#ed141a6ac043a849ea588498e7dca8b15330e90c"

pinkie-promise@^2.0.0:
  version "2.0.1"
  resolved "https://registry.npmjs.org/pinkie-promise/-/pinkie-promise-2.0.1.tgz#2135d6dfa7a358c069ac9b178776288228450ffa"
  dependencies:
    pinkie "^2.0.0"

pinkie@^2.0.0:
  version "2.0.4"
  resolved "https://registry.npmjs.org/pinkie/-/pinkie-2.0.4.tgz#72556b80cfa0d48a974e80e77248e80ed4f7f870"

process-nextick-args@~2.0.0:
  version "2.0.1"
  resolved "https://registry.yarnpkg.com/process-nextick-args/-/process-nextick-args-2.0.1.tgz#7820d9b16120cc55ca9ae7792680ae7dba6d7fe2"
  integrity sha512-3ouUOpQhtgrbOa17J7+uxOTpITYWaGP7/AhoR3+A+/1e9skrzelGi/dXzEYyvbxubEF6Wn2ypscTKiKJFFn1ag==

proxy-addr@~2.0.2:
  version "2.0.2"
  resolved "https://registry.yarnpkg.com/proxy-addr/-/proxy-addr-2.0.2.tgz#6571504f47bb988ec8180253f85dd7e14952bdec"
  dependencies:
    forwarded "~0.1.2"
    ipaddr.js "1.5.2"

qs@6.5.1:
  version "6.5.1"
  resolved "https://registry.yarnpkg.com/qs/-/qs-6.5.1.tgz#349cdf6eef89ec45c12d7d5eb3fc0c870343a6d8"

range-parser@~1.2.0:
  version "1.2.0"
  resolved "https://registry.yarnpkg.com/range-parser/-/range-parser-1.2.0.tgz#f49be6b487894ddc40dcc94a322f611092e00d5e"

raw-body@2.3.2:
  version "2.3.2"
  resolved "https://registry.yarnpkg.com/raw-body/-/raw-body-2.3.2.tgz#bcd60c77d3eb93cde0050295c3f379389bc88f89"
  dependencies:
    bytes "3.0.0"
    http-errors "1.6.2"
    iconv-lite "0.4.19"
    unpipe "1.0.0"

read-pkg-up@^1.0.1:
  version "1.0.1"
  resolved "https://registry.npmjs.org/read-pkg-up/-/read-pkg-up-1.0.1.tgz#9d63c13276c065918d57f002a57f40a1b643fb02"
  dependencies:
    find-up "^1.0.0"
    read-pkg "^1.0.0"

read-pkg@^1.0.0:
  version "1.1.0"
  resolved "https://registry.npmjs.org/read-pkg/-/read-pkg-1.1.0.tgz#f5ffaa5ecd29cb31c0474bca7d756b6bb29e3f28"
  dependencies:
    load-json-file "^1.0.0"
    normalize-package-data "^2.3.2"
    path-type "^1.0.0"

readable-stream@^2.3.3, readable-stream@^2.3.5:
  version "2.3.7"
  resolved "https://registry.yarnpkg.com/readable-stream/-/readable-stream-2.3.7.tgz#1eca1cf711aef814c04f62252a36a62f6cb23b57"
  integrity sha512-Ebho8K4jIbHAxnuxi7o42OrZgF/ZTNcsZj6nRKyUmkhLFq8CHItp/fy6hQZuZmP/n3yZ9VBUbp4zz/mX8hmYPw==
  dependencies:
    core-util-is "~1.0.0"
    inherits "~2.0.3"
    isarray "~1.0.0"
    process-nextick-args "~2.0.0"
    safe-buffer "~5.1.1"
    string_decoder "~1.1.1"
    util-deprecate "~1.0.1"

require-directory@^2.1.1:
  version "2.1.1"
  resolved "https://registry.npmjs.org/require-directory/-/require-directory-2.1.1.tgz#8c64ad5fd30dab1c976e2344ffe7f792a6a6df42"

require-main-filename@^1.0.1:
  version "1.0.1"
  resolved "https://registry.npmjs.org/require-main-filename/-/require-main-filename-1.0.1.tgz#97f717b69d48784f5f526a6c5aa8ffdda055a4d1"

rimraf@~2.2.6:
  version "2.2.8"
  resolved "https://registry.yarnpkg.com/rimraf/-/rimraf-2.2.8.tgz#e439be2aaee327321952730f99a8929e4fc50582"

rxjs@^5.3.0:
  version "5.5.2"
  resolved "https://registry.npmjs.org/rxjs/-/rxjs-5.5.2.tgz#28d403f0071121967f18ad665563255d54236ac3"
  dependencies:
    symbol-observable "^1.0.1"

safe-buffer@5.1.1:
  version "5.1.1"
  resolved "https://registry.yarnpkg.com/safe-buffer/-/safe-buffer-5.1.1.tgz#893312af69b2123def71f57889001671eeb2c853"

safe-buffer@^5.1.1:
  version "5.2.1"
  resolved "https://registry.yarnpkg.com/safe-buffer/-/safe-buffer-5.2.1.tgz#1eaf9fa9bdb1fdd4ec75f58f9cdb4e6b7827eec6"
  integrity sha512-rp3So07KcdmmKbGvgaNxQSJr7bGVSVk5S9Eq1F+ppbRo70+YeaDxkw5Dd8NPN+GD6bjnYm2VuPuCXmpuYvmCXQ==

safe-buffer@~5.1.0, safe-buffer@~5.1.1:
  version "5.1.2"
  resolved "https://registry.yarnpkg.com/safe-buffer/-/safe-buffer-5.1.2.tgz#991ec69d296e0313747d59bdfd2b745c35f8828d"
  integrity sha512-Gd2UZBJDkXlY7GbJxfsE8/nvKkUEU1G38c1siN6QP6a9PT9MmHB8GnpscSmMJSoF8LOIrt8ud/wPtojys4G6+g==

"semver@2 || 3 || 4 || 5":
  version "5.4.1"
  resolved "https://registry.npmjs.org/semver/-/semver-5.4.1.tgz#e059c09d8571f0540823733433505d3a2f00b18e"

send@0.16.1:
  version "0.16.1"
  resolved "https://registry.yarnpkg.com/send/-/send-0.16.1.tgz#a70e1ca21d1382c11d0d9f6231deb281080d7ab3"
  dependencies:
    debug "2.6.9"
    depd "~1.1.1"
    destroy "~1.0.4"
    encodeurl "~1.0.1"
    escape-html "~1.0.3"
    etag "~1.8.1"
    fresh "0.5.2"
    http-errors "~1.6.2"
    mime "1.4.1"
    ms "2.0.0"
    on-finished "~2.3.0"
    range-parser "~1.2.0"
    statuses "~1.3.1"

serve-static@1.13.1:
  version "1.13.1"
  resolved "https://registry.yarnpkg.com/serve-static/-/serve-static-1.13.1.tgz#4c57d53404a761d8f2e7c1e8a18a47dbf278a719"
  dependencies:
    encodeurl "~1.0.1"
    escape-html "~1.0.3"
    parseurl "~1.3.2"
    send "0.16.1"

set-blocking@^2.0.0:
  version "2.0.0"
  resolved "https://registry.npmjs.org/set-blocking/-/set-blocking-2.0.0.tgz#045f9782d011ae9a6803ddd382b24392b3d890f7"

setprototypeof@1.0.3:
  version "1.0.3"
  resolved "https://registry.yarnpkg.com/setprototypeof/-/setprototypeof-1.0.3.tgz#66567e37043eeb4f04d91bd658c0cbefb55b8e04"

setprototypeof@1.1.0:
  version "1.1.0"
  resolved "https://registry.yarnpkg.com/setprototypeof/-/setprototypeof-1.1.0.tgz#d0bd85536887b6fe7c0d818cb962d9d91c54e656"

siren-types@1.0.0-rc6:
  version "1.0.0-rc6"
  resolved "https://registry.npmjs.org/siren-types/-/siren-types-1.0.0-rc6.tgz#edfe2c9b5e101dbd582092a998cf10dde4df0ef9"
  integrity sha512-fgpsdnjDiPmUrAY4YV5UYZVjVMwXXsTfb51syr2rE3otk7I0XtWxr4UTa/BsSnlcNJrobcjWAbWFssJLe3+XCg==

spdx-correct@~1.0.0:
  version "1.0.2"
  resolved "https://registry.npmjs.org/spdx-correct/-/spdx-correct-1.0.2.tgz#4b3073d933ff51f3912f03ac5519498a4150db40"
  dependencies:
    spdx-license-ids "^1.0.2"

spdx-expression-parse@~1.0.0:
  version "1.0.4"
  resolved "https://registry.npmjs.org/spdx-expression-parse/-/spdx-expression-parse-1.0.4.tgz#9bdf2f20e1f40ed447fbe273266191fced51626c"

spdx-license-ids@^1.0.2:
  version "1.2.2"
  resolved "https://registry.npmjs.org/spdx-license-ids/-/spdx-license-ids-1.2.2.tgz#c9df7a3424594ade6bd11900d596696dc06bac57"

"statuses@>= 1.3.1 < 2":
  version "1.4.0"
  resolved "https://registry.yarnpkg.com/statuses/-/statuses-1.4.0.tgz#bb73d446da2796106efcc1b601a253d6c46bd087"

statuses@~1.3.1:
  version "1.3.1"
  resolved "https://registry.yarnpkg.com/statuses/-/statuses-1.3.1.tgz#faf51b9eb74aaef3b3acf4ad5f61abf24cb7b93e"

string-width@^1.0.1, string-width@^1.0.2:
  version "1.0.2"
  resolved "https://registry.npmjs.org/string-width/-/string-width-1.0.2.tgz#118bdf5b8cdc51a2a7e70d211e07e2b0b9b107d3"
  dependencies:
    code-point-at "^1.0.0"
    is-fullwidth-code-point "^1.0.0"
    strip-ansi "^3.0.0"

string_decoder@~1.1.1:
  version "1.1.1"
  resolved "https://registry.yarnpkg.com/string_decoder/-/string_decoder-1.1.1.tgz#9cf1611ba62685d7030ae9e4ba34149c3af03fc8"
  integrity sha512-n/ShnvDi6FHbbVfviro+WojiFzv+s8MPMHBczVePfUpDJLwoLT0ht1l4YwBCbi8pJAveEEdnkHyPyTP/mzRfwg==
  dependencies:
    safe-buffer "~5.1.0"

strip-ansi@^3.0.0, strip-ansi@^3.0.1:
  version "3.0.1"
  resolved "https://registry.npmjs.org/strip-ansi/-/strip-ansi-3.0.1.tgz#6a385fb8853d952d5ff05d0e8aaf94278dc63dcf"
  dependencies:
    ansi-regex "^2.0.0"

strip-bom@^2.0.0:
  version "2.0.0"
  resolved "https://registry.npmjs.org/strip-bom/-/strip-bom-2.0.0.tgz#6219a85616520491f35788bdbf1447a99c7e6b0e"
  dependencies:
    is-utf8 "^0.2.0"

symbol-observable@^1.0.1:
  version "1.0.4"
  resolved "https://registry.npmjs.org/symbol-observable/-/symbol-observable-1.0.4.tgz#29bf615d4aa7121bdd898b22d4b3f9bc4e2aa03d"

temp@^0.8.3:
  version "0.8.3"
  resolved "https://registry.yarnpkg.com/temp/-/temp-0.8.3.tgz#e0c6bc4d26b903124410e4fed81103014dfc1f59"
  dependencies:
    os-tmpdir "^1.0.0"
    rimraf "~2.2.6"

type-is@~1.6.15:
  version "1.6.15"
  resolved "https://registry.yarnpkg.com/type-is/-/type-is-1.6.15.tgz#cab10fb4909e441c82842eafe1ad646c81804410"
  dependencies:
    media-typer "0.3.0"
    mime-types "~2.1.15"

typescript@^3.4.5:
  version "3.4.5"
  resolved "https://registry.npmjs.org/typescript/-/typescript-3.4.5.tgz#2d2618d10bb566572b8d7aad5180d84257d70a99"
  integrity sha512-YycBxUb49UUhdNMU5aJ7z5Ej2XGmaIBL0x34vZ82fn3hGvD+bgrMrVDpatgz2f7YxUMJxMkbWxJZeAvDxVe7Vw==

unpipe@1.0.0, unpipe@~1.0.0:
  version "1.0.0"
  resolved "https://registry.yarnpkg.com/unpipe/-/unpipe-1.0.0.tgz#b2bf4ee8514aae6165b4817829d21b2ef49904ec"

util-deprecate@~1.0.1:
  version "1.0.2"
  resolved "https://registry.yarnpkg.com/util-deprecate/-/util-deprecate-1.0.2.tgz#450d4dc9fa70de732762fbd2d4a28981419a0ccf"
  integrity sha1-RQ1Nyfpw3nMnYvvS1KKJgUGaDM8=

utils-merge@1.0.1:
  version "1.0.1"
  resolved "https://registry.yarnpkg.com/utils-merge/-/utils-merge-1.0.1.tgz#9f95710f50a267947b2ccc124741c1028427e713"

validate-npm-package-license@^3.0.1:
  version "3.0.1"
  resolved "https://registry.npmjs.org/validate-npm-package-license/-/validate-npm-package-license-3.0.1.tgz#2804babe712ad3379459acfbe24746ab2c303fbc"
  dependencies:
    spdx-correct "~1.0.0"
    spdx-expression-parse "~1.0.0"

vary@^1, vary@~1.1.2:
  version "1.1.2"
  resolved "https://registry.yarnpkg.com/vary/-/vary-1.1.2.tgz#2299f02c6ded30d4a5961b0b9f74524a18f634fc"

which-module@^1.0.0:
  version "1.0.0"
  resolved "https://registry.npmjs.org/which-module/-/which-module-1.0.0.tgz#bba63ca861948994ff307736089e3b96026c2a4f"

wrap-ansi@^2.0.0:
  version "2.1.0"
  resolved "https://registry.npmjs.org/wrap-ansi/-/wrap-ansi-2.1.0.tgz#d8fc3d284dd05794fe84973caecdd1cf824fdd85"
  dependencies:
    string-width "^1.0.1"
    strip-ansi "^3.0.1"

y18n@^3.2.1:
  version "3.2.1"
  resolved "https://registry.npmjs.org/y18n/-/y18n-3.2.1.tgz#6d15fba884c08679c0d77e88e7759e811e07fa41"

yargs-parser@^4.2.0:
  version "4.2.1"
  resolved "https://registry.npmjs.org/yargs-parser/-/yargs-parser-4.2.1.tgz#29cceac0dc4f03c6c87b4a9f217dd18c9f74871c"
  dependencies:
    camelcase "^3.0.0"

yargs-parser@^5.0.0:
  version "5.0.0"
  resolved "https://registry.npmjs.org/yargs-parser/-/yargs-parser-5.0.0.tgz#275ecf0d7ffe05c77e64e7c86e4cd94bf0e1228a"
  dependencies:
    camelcase "^3.0.0"

yargs@^6.6.0:
  version "6.6.0"
  resolved "https://registry.npmjs.org/yargs/-/yargs-6.6.0.tgz#782ec21ef403345f830a808ca3d513af56065208"
  dependencies:
    camelcase "^3.0.0"
    cliui "^3.2.0"
    decamelize "^1.1.1"
    get-caller-file "^1.0.1"
    os-locale "^1.4.0"
    read-pkg-up "^1.0.1"
    require-directory "^2.1.1"
    require-main-filename "^1.0.1"
    set-blocking "^2.0.0"
    string-width "^1.0.2"
    which-module "^1.0.0"
    y18n "^3.2.1"
    yargs-parser "^4.2.0"

yargs@^7.1.0:
  version "7.1.0"
  resolved "https://registry.npmjs.org/yargs/-/yargs-7.1.0.tgz#6ba318eb16961727f5d284f8ea003e8d6154d0c8"
  dependencies:
    camelcase "^3.0.0"
    cliui "^3.2.0"
    decamelize "^1.1.1"
    get-caller-file "^1.0.1"
    os-locale "^1.4.0"
    read-pkg-up "^1.0.1"
    require-directory "^2.1.1"
    require-main-filename "^1.0.1"
    set-blocking "^2.0.0"
    string-width "^1.0.2"
    which-module "^1.0.0"
    y18n "^3.2.1"
    yargs-parser "^5.0.0"
